# @generated by Move, please check-in and do not edit manually.

[move]
version = 2
manifest_digest = "0F0A422ADF9E847CB814230FE43F557B78559E27FBFCA5DDA369BF8BF23ADBDE"
deps_digest = "F8BBB0CCB2491CA29A3DF03D6F92277A4F3574266507ACD77214D37ECA3F3082"
dependencies = [
  { name = "Sui" },
]

[[move.package]]
name = "MoveStdlib"
source = { git = "https://github.com/MystenLabs/sui.git", rev = "framework/testnet", subdir = "crates\\sui-framework\\packages\\move-stdlib" }

[[move.package]]
name = "Sui"
source = { git = "https://github.com/MystenLabs/sui.git", rev = "framework/testnet", subdir = "crates/sui-framework/packages/sui-framework" }

dependencies = [
  { name = "MoveStdlib" },
]

[move.toolchain-version]
compiler-version = "1.29.0"
edition = "2024.beta"
flavor = "sui"

[env]

[env.testnet]
chain-id = "4c78adac"
original-published-id = "0x5a75dfba377790a0cce45c3659fd48201308e5b8640acc7f316f6853f19866f9"
latest-published-id = "0x5a75dfba377790a0cce45c3659fd48201308e5b8640acc7f316f6853f19866f9"
published-version = "1"
